
Microsoft Visual Studio Solution File, Format Version 12.00
# Visual Studio Version 17
VisualStudioVersion = 17.0.31912.275
MinimumVisualStudioVersion = 10.0.40219.1
Project("{FAE04EC0-301F-11D3-BF4B-00C04F79EFBC}") = "CarritoCompra", "CarritoCompra.csproj", "{A45EBEF1-A544-47EA-8E68-0B99E8C7ACB7}"
EndProject
Global
	GlobalSection(SolutionConfigurationPlatforms) = preSolution
		Debug|Any CPU = Debug|Any CPU
		Release|Any CPU = Release|Any CPU
	EndGlobalSection
	GlobalSection(ProjectConfigurationPlatforms) = postSolution
		{A45EBEF1-A544-47EA-8E68-0B99E8C7ACB7}.Debug|Any CPU.ActiveCfg = Debug|Any CPU
		{A45EBEF1-A544-47EA-8E68-0B99E8C7ACB7}.Debug|Any CPU.Build.0 = Debug|Any CPU
		{A45EBEF1-A544-47EA-8E68-0B99E8C7ACB7}.Release|Any CPU.ActiveCfg = Release|Any CPU
		{A45EBEF1-A544-47EA-8E68-0B99E8C7ACB7}.Release|Any CPU.Build.0 = Release|Any CPU
	EndGlobalSection
	GlobalSection(SolutionProperties) = preSolution
		HideSolutionNode = FALSE
	EndGlobalSection
	GlobalSection(ExtensibilityGlobals) = postSolution
		SolutionGuid = {59640F7C-DC0C-4EE7-BC07-34C24ED8EC17}
	EndGlobalSection
EndGlobal
